
Microsoft Visual Studio Solution File, Format Version 12.00
# Visual Studio Version 17
VisualStudioVersion = 17.0.31512.422
MinimumVisualStudioVersion = 10.0.40219.1
Project("{9A19103F-16F7-4668-BE54-9A1E7A4F7556}") = "RabbitMQ.Service", "RabbitMQ.Service\RabbitMQ.Service.csproj", "{C249358E-1A75-443B-ACEA-FA3635F40BDB}"
EndProject
Project("{FAE04EC0-301F-11D3-BF4B-00C04F79EFBC}") = "RabbitMQ.Producer", "RabbitMQ.Producer\RabbitMQ.Producer.csproj", "{41418F3E-D346-4887-AC13-0A8083A4259F}"
EndProject
Project("{FAE04EC0-301F-11D3-BF4B-00C04F79EFBC}") = "RabbitMQ.Consumer", "RabbitMQ.Consumer\RabbitMQ.Consumer.csproj", "{14DD5D7C-601D-4167-AF3E-144CCA6FE347}"
EndProject
Project("{FAE04EC0-301F-11D3-BF4B-00C04F79EFBC}") = "RabbitMQ.Clients", "RabbitMQ.Clients\RabbitMQ.Clients.csproj", "{9A78E7B1-C15C-406E-BDE4-219D3DBECBE2}"
EndProject
Global
	GlobalSection(SolutionConfigurationPlatforms) = preSolution
		Debug|Any CPU = Debug|Any CPU
		Release|Any CPU = Release|Any CPU
	EndGlobalSection
	GlobalSection(ProjectConfigurationPlatforms) = postSolution
		{C249358E-1A75-443B-ACEA-FA3635F40BDB}.Debug|Any CPU.ActiveCfg = Debug|Any CPU
		{C249358E-1A75-443B-ACEA-FA3635F40BDB}.Debug|Any CPU.Build.0 = Debug|Any CPU
		{C249358E-1A75-443B-ACEA-FA3635F40BDB}.Release|Any CPU.ActiveCfg = Release|Any CPU
		{C249358E-1A75-443B-ACEA-FA3635F40BDB}.Release|Any CPU.Build.0 = Release|Any CPU
		{41418F3E-D346-4887-AC13-0A8083A4259F}.Debug|Any CPU.ActiveCfg = Debug|Any CPU
		{41418F3E-D346-4887-AC13-0A8083A4259F}.Debug|Any CPU.Build.0 = Debug|Any CPU
		{41418F3E-D346-4887-AC13-0A8083A4259F}.Release|Any CPU.ActiveCfg = Release|Any CPU
		{41418F3E-D346-4887-AC13-0A8083A4259F}.Release|Any CPU.Build.0 = Release|Any CPU
		{14DD5D7C-601D-4167-AF3E-144CCA6FE347}.Debug|Any CPU.ActiveCfg = Debug|Any CPU
		{14DD5D7C-601D-4167-AF3E-144CCA6FE347}.Debug|Any CPU.Build.0 = Debug|Any CPU
		{14DD5D7C-601D-4167-AF3E-144CCA6FE347}.Release|Any CPU.ActiveCfg = Release|Any CPU
		{14DD5D7C-601D-4167-AF3E-144CCA6FE347}.Release|Any CPU.Build.0 = Release|Any CPU
		{9A78E7B1-C15C-406E-BDE4-219D3DBECBE2}.Debug|Any CPU.ActiveCfg = Debug|Any CPU
		{9A78E7B1-C15C-406E-BDE4-219D3DBECBE2}.Debug|Any CPU.Build.0 = Debug|Any CPU
		{9A78E7B1-C15C-406E-BDE4-219D3DBECBE2}.Release|Any CPU.ActiveCfg = Release|Any CPU
		{9A78E7B1-C15C-406E-BDE4-219D3DBECBE2}.Release|Any CPU.Build.0 = Release|Any CPU
	EndGlobalSection
	GlobalSection(SolutionProperties) = preSolution
		HideSolutionNode = FALSE
	EndGlobalSection
	GlobalSection(ExtensibilityGlobals) = postSolution
		SolutionGuid = {4F69002A-5B4B-491C-B92B-D683540A0A88}
	EndGlobalSection
EndGlobal
